
Microsoft Visual Studio Solution File, Format Version 12.00
# Visual Studio Version 17
VisualStudioVersion = 17.13.35825.156 d17.13
MinimumVisualStudioVersion = 10.0.40219.1
Project("{FAE04EC0-301F-11D3-BF4B-00C04F79EFBC}") = "EFCoreBlazorAPIStudies", "EFCoreBlazorAPIStudies\EFCoreBlazorAPIStudies\EFCoreBlazorAPIStudies.csproj", "{CE7D8A65-D846-4A0D-ACBB-53FC974DB3E4}"
EndProject
Project("{FAE04EC0-301F-11D3-BF4B-00C04F79EFBC}") = "EFCoreBlazorAPIStudies.Client", "EFCoreBlazorAPIStudies\EFCoreBlazorAPIStudies.Client\EFCoreBlazorAPIStudies.Client.csproj", "{B772F42A-5603-4448-8E92-A2193F9712EA}"
EndProject
Global
	GlobalSection(SolutionConfigurationPlatforms) = preSolution
		Debug|Any CPU = Debug|Any CPU
		Release|Any CPU = Release|Any CPU
	EndGlobalSection
	GlobalSection(ProjectConfigurationPlatforms) = postSolution
		{CE7D8A65-D846-4A0D-ACBB-53FC974DB3E4}.Debug|Any CPU.ActiveCfg = Debug|Any CPU
		{CE7D8A65-D846-4A0D-ACBB-53FC974DB3E4}.Debug|Any CPU.Build.0 = Debug|Any CPU
		{CE7D8A65-D846-4A0D-ACBB-53FC974DB3E4}.Release|Any CPU.ActiveCfg = Release|Any CPU
		{CE7D8A65-D846-4A0D-ACBB-53FC974DB3E4}.Release|Any CPU.Build.0 = Release|Any CPU
		{B772F42A-5603-4448-8E92-A2193F9712EA}.Debug|Any CPU.ActiveCfg = Debug|Any CPU
		{B772F42A-5603-4448-8E92-A2193F9712EA}.Debug|Any CPU.Build.0 = Debug|Any CPU
		{B772F42A-5603-4448-8E92-A2193F9712EA}.Release|Any CPU.ActiveCfg = Release|Any CPU
		{B772F42A-5603-4448-8E92-A2193F9712EA}.Release|Any CPU.Build.0 = Release|Any CPU
	EndGlobalSection
	GlobalSection(SolutionProperties) = preSolution
		HideSolutionNode = FALSE
	EndGlobalSection
	GlobalSection(ExtensibilityGlobals) = postSolution
		SolutionGuid = {4FE91F52-DCD9-411E-A19A-1A778A3577EA}
	EndGlobalSection
EndGlobal
