
Microsoft Visual Studio Solution File, Format Version 12.00
# Visual Studio Version 17
VisualStudioVersion = 17.13.35825.156 d17.13
MinimumVisualStudioVersion = 10.0.40219.1
Project("{FAE04EC0-301F-11D3-BF4B-00C04F79EFBC}") = "BlzAPIGameStore.Backend", "BlzAPIGameStore\BlzAPIGameStore.Backend.csproj", "{78ADBD94-0AC9-46A3-A64E-6C03E72939D3}"
EndProject
Project("{FAE04EC0-301F-11D3-BF4B-00C04F79EFBC}") = "BlzAPIGameStore.Frontend", "BlzAPIGameStore.Frontend\BlzAPIGameStore.Frontend\BlzAPIGameStore.Frontend.csproj", "{CA492248-30D0-4018-B2BF-04940A13CD9D}"
EndProject
Project("{FAE04EC0-301F-11D3-BF4B-00C04F79EFBC}") = "BlzAPIGameStore.Frontend.Client", "BlzAPIGameStore.Frontend\BlzAPIGameStore.Frontend.Client\BlzAPIGameStore.Frontend.Client.csproj", "{9CD3CA4F-ECBB-49C3-A9DA-ED49981A09CC}"
EndProject
Global
	GlobalSection(SolutionConfigurationPlatforms) = preSolution
		Debug|Any CPU = Debug|Any CPU
		Release|Any CPU = Release|Any CPU
	EndGlobalSection
	GlobalSection(ProjectConfigurationPlatforms) = postSolution
		{78ADBD94-0AC9-46A3-A64E-6C03E72939D3}.Debug|Any CPU.ActiveCfg = Debug|Any CPU
		{78ADBD94-0AC9-46A3-A64E-6C03E72939D3}.Debug|Any CPU.Build.0 = Debug|Any CPU
		{78ADBD94-0AC9-46A3-A64E-6C03E72939D3}.Release|Any CPU.ActiveCfg = Release|Any CPU
		{78ADBD94-0AC9-46A3-A64E-6C03E72939D3}.Release|Any CPU.Build.0 = Release|Any CPU
		{CA492248-30D0-4018-B2BF-04940A13CD9D}.Debug|Any CPU.ActiveCfg = Debug|Any CPU
		{CA492248-30D0-4018-B2BF-04940A13CD9D}.Debug|Any CPU.Build.0 = Debug|Any CPU
		{CA492248-30D0-4018-B2BF-04940A13CD9D}.Release|Any CPU.ActiveCfg = Release|Any CPU
		{CA492248-30D0-4018-B2BF-04940A13CD9D}.Release|Any CPU.Build.0 = Release|Any CPU
		{9CD3CA4F-ECBB-49C3-A9DA-ED49981A09CC}.Debug|Any CPU.ActiveCfg = Debug|Any CPU
		{9CD3CA4F-ECBB-49C3-A9DA-ED49981A09CC}.Debug|Any CPU.Build.0 = Debug|Any CPU
		{9CD3CA4F-ECBB-49C3-A9DA-ED49981A09CC}.Release|Any CPU.ActiveCfg = Release|Any CPU
		{9CD3CA4F-ECBB-49C3-A9DA-ED49981A09CC}.Release|Any CPU.Build.0 = Release|Any CPU
	EndGlobalSection
	GlobalSection(SolutionProperties) = preSolution
		HideSolutionNode = FALSE
	EndGlobalSection
	GlobalSection(ExtensibilityGlobals) = postSolution
		SolutionGuid = {1419328A-0D85-4406-B200-AE5CAE9446A6}
	EndGlobalSection
EndGlobal
